
Microsoft Visual Studio Solution File, Format Version 12.00
# Visual Studio 2012
Project("{FAE04EC0-301F-11D3-BF4B-00C04F79EFBC}") = "SampleSnowEmitter", "SampleSnowEmitter\SampleSnowEmitter.csproj", "{051FCF56-C83D-49C0-8884-BF0E80FF2F54}"
EndProject
Global
	GlobalSection(SolutionConfigurationPlatforms) = preSolution
		Debug|iPhoneSimulator = Debug|iPhoneSimulator
		Release|iPhone = Release|iPhone
		Release|iPhoneSimulator = Release|iPhoneSimulator
		Debug|iPhone = Debug|iPhone
	EndGlobalSection
	GlobalSection(ProjectConfigurationPlatforms) = postSolution
		{051FCF56-C83D-49C0-8884-BF0E80FF2F54}.Debug|iPhoneSimulator.ActiveCfg = Debug|iPhoneSimulator
		{051FCF56-C83D-49C0-8884-BF0E80FF2F54}.Debug|iPhoneSimulator.Build.0 = Debug|iPhoneSimulator
		{051FCF56-C83D-49C0-8884-BF0E80FF2F54}.Release|iPhone.ActiveCfg = Release|iPhone
		{051FCF56-C83D-49C0-8884-BF0E80FF2F54}.Release|iPhone.Build.0 = Release|iPhone
		{051FCF56-C83D-49C0-8884-BF0E80FF2F54}.Release|iPhoneSimulator.ActiveCfg = Release|iPhoneSimulator
		{051FCF56-C83D-49C0-8884-BF0E80FF2F54}.Release|iPhoneSimulator.Build.0 = Release|iPhoneSimulator
		{051FCF56-C83D-49C0-8884-BF0E80FF2F54}.Debug|iPhone.ActiveCfg = Debug|iPhone
		{051FCF56-C83D-49C0-8884-BF0E80FF2F54}.Debug|iPhone.Build.0 = Debug|iPhone
	EndGlobalSection
EndGlobal
